version = 1
revision = 3
requires-python = "==3.13.*"

[[package]]
name = "awscrt"
version = "0.29.2"
source = { registry = "https://pypi.org/simple" }
sdist = { url = "https://files.pythonhosted.org/packages/1c/90/f985002a50859ea39841e66bc816c224b623c03f943b34bfe08fee17165c/awscrt-0.29.2.tar.gz", hash = "sha256:c78d81b1308d42fda1eb21d27fcf26579137b821043e528550f2cfc6c09ab9ff", size = 38013553, upload-time = "2025-12-04T00:16:36.777Z" }
wheels = [
    { url = "https://files.pythonhosted.org/packages/c8/7f/9d7b3d3f72369f80730ee5a0e964a1cd6ccf83d8c117a4d1df629e3ed6f9/awscrt-0.29.2-cp311-abi3-macosx_10_15_universal2.whl", hash = "sha256:3ff819a542acc5f11c46223204362c6b065031df0e4a37bf1ce2fc233a7145e4", size = 3407922, upload-time = "2025-12-04T00:15:49.071Z" },
    { url = "https://files.pythonhosted.org/packages/17/f2/3e61a4683ff8e9bc59871214e833bf3f67e9f08b1884aae9e1166ef06ac3/awscrt-0.29.2-cp311-abi3-manylinux2014_aarch64.manylinux_2_17_aarch64.whl", hash = "sha256:aa3d2f7fc0218a04707384afd871a8c3e97251185038eb921ae2fae4f61b7d90", size = 3817179, upload-time = "2025-12-04T00:15:50.965Z" },
    { url = "https://files.pythonhosted.org/packages/3b/13/a7366b0465b998b1d05f8b3a05e5897a431ec101b9a389be6058fbbe5e26/awscrt-0.29.2-cp311-abi3-manylinux2014_x86_64.manylinux_2_17_x86_64.whl", hash = "sha256:4f86d5a1a3c6d817dc0087d4e25abae1a7a1dd678d31fbcd226a15515719bdac", size = 4091388, upload-time = "2025-12-04T00:15:52.182Z" },
    { url = "https://files.pythonhosted.org/packages/dd/90/a34b1b29612d91baad1273ea1d4e31ab3a90e2db4e516345329fecfbaeb2/awscrt-0.29.2-cp311-abi3-musllinux_1_1_aarch64.whl", hash = "sha256:a6451a730c961b73b57dccdcf8599bf8058740053b531d3724efbf3a89e2d191", size = 3719628, upload-time = "2025-12-04T00:15:53.356Z" },
    { url = "https://files.pythonhosted.org/packages/dd/94/2d93803e93cff7da0f5c9b6422b9f919d86db83640cdfbae569bdf22e606/awscrt-0.29.2-cp311-abi3-musllinux_1_1_x86_64.whl", hash = "sha256:66a82b0960d281e14e7bfb95e9d6934cbc8e949b3f3e829709736b14bf0e6760", size = 3945694, upload-time = "2025-12-04T00:15:54.879Z" },
    { url = "https://files.pythonhosted.org/packages/ec/26/e2517fe8eb2f565ba52274a59f301bc6fac25494e0d28b6257fde237190a/awscrt-0.29.2-cp311-abi3-win32.whl", hash = "sha256:c1c243a7d7b9ed9c1e10acfb44eaab81b88eec24b50915ce3db45a8ffa4f2edb", size = 3959540, upload-time = "2025-12-04T00:15:57.138Z" },
    { url = "https://files.pythonhosted.org/packages/9a/49/bc9f3bcf2d49c58b97dd357f617c8331c1be02e5907316eb0ac39096941d/awscrt-0.29.2-cp311-abi3-win_amd64.whl", hash = "sha256:cd7349596f8f7b05805e047d29bfceb2304f5f0277fe0088e13ea8fe41ac3064", size = 4092749, upload-time = "2025-12-04T00:15:58.414Z" },
    { url = "https://files.pythonhosted.org/packages/1f/41/a564e4537c8e56259d9a9a86239d6b89448a742a5a5769b8cb81e2db7b26/awscrt-0.29.2-cp313-abi3-macosx_10_15_universal2.whl", hash = "sha256:2377b9adf0db47fcf74ad6c89afcd901f6cf97f24ba4f0e5e352f5ffe12affef", size = 3406616, upload-time = "2025-12-04T00:15:59.966Z" },
    { url = "https://files.pythonhosted.org/packages/9e/f2/4f88475ea7a9e4954871ebe188bfc9b5d29a60e1101e50a984afde904c3b/awscrt-0.29.2-cp313-abi3-manylinux2014_aarch64.manylinux_2_17_aarch64.whl", hash = "sha256:e0cb67ce813577679dab7ab56cc8bb16a546328589db87a55f7b52314f54504f", size = 3809168, upload-time = "2025-12-04T00:16:01.288Z" },
    { url = "https://files.pythonhosted.org/packages/22/6f/f08b3b646198d9a5fb45bc411e6a102ec976efc4acc34c01ac86cf557216/awscrt-0.29.2-cp313-abi3-manylinux2014_x86_64.manylinux_2_17_x86_64.whl", hash = "sha256:cb7d44ed31baeb1b5720674a0249f48d8d6e548ea544ddfb93000b6bff559f34", size = 4084414, upload-time = "2025-12-04T00:16:03.504Z" },
    { url = "https://files.pythonhosted.org/packages/3e/40/fd45b53bfc5486a31080a767947396f717534dde0ace1c9ee48b96c079b9/awscrt-0.29.2-cp313-abi3-musllinux_1_1_aarch64.whl", hash = "sha256:e455776fd0a04929c586a66e590c6eb6f2ca08b96ec13323bfb087ee17fd6e99", size = 3710752, upload-time = "2025-12-04T00:16:04.777Z" },
    { url = "https://files.pythonhosted.org/packages/53/25/179278c03b84e09332ef4a7770878b93b43f10564b6a94a82faa8d9329e6/awscrt-0.29.2-cp313-abi3-musllinux_1_1_x86_64.whl", hash = "sha256:70fd197fe83b78c25c2c57293466808df6f63287a480984834b4af7b9d18d4c0", size = 3939687, upload-time = "2025-12-04T00:16:06.342Z" },
    { url = "https://files.pythonhosted.org/packages/4f/5c/8330d3f8f5f080a85dc79c376c7125f24579dfb9c4e200224292062a36bb/awscrt-0.29.2-cp313-abi3-win32.whl", hash = "sha256:b3c46e4808ce7cfb6a63878e45b30b3410f5c314e352396d1210380787cafee2", size = 3954574, upload-time = "2025-12-04T00:16:07.539Z" },
    { url = "https://files.pythonhosted.org/packages/e8/8f/630f3083d07a75e258aae67c0d06c7ed69098d4ca85550e9cd344d3f613d/awscrt-0.29.2-cp313-abi3-win_amd64.whl", hash = "sha256:74f8944e04bfc1508cce784b75927b4fb9895ff6a57310abb523c4b446b4f34f", size = 4085860, upload-time = "2025-12-04T00:16:08.752Z" },
]

[[package]]
name = "boto3"
version = "1.42.21"
source = { registry = "https://pypi.org/simple" }
dependencies = [
    { name = "botocore" },
    { name = "jmespath" },
    { name = "s3transfer" },
]
sdist = { url = "https://files.pythonhosted.org/packages/27/36/999f23a821567334ecdfaec31fad556f5569383006543be63fdd1e17193f/boto3-1.42.21.tar.gz", hash = "sha256:9b92943d253bc837323079fe88460e741cb2eb80abaebcb558b2446bdb4049d6", size = 112775, upload-time = "2026-01-03T00:59:03.241Z" }
wheels = [
    { url = "https://files.pythonhosted.org/packages/55/96/5df07f4f63ab9e72db86192590d7cef70cb911c6e725c1639d56d054f5cc/boto3-1.42.21-py3-none-any.whl", hash = "sha256:1885f252d715a5810bb4e0c5bbebfa8e9018b025febf5be3d58540626e7b43d2", size = 140573, upload-time = "2026-01-03T00:59:01.483Z" },
]

[package.optional-dependencies]
crt = [
    { name = "botocore", extra = ["crt"] },
]

[[package]]
name = "botocore"
version = "1.42.21"
source = { registry = "https://pypi.org/simple" }
dependencies = [
    { name = "jmespath" },
    { name = "python-dateutil" },
    { name = "urllib3" },
]
sdist = { url = "https://files.pythonhosted.org/packages/4c/df/dfd07d75fda643ba07af75e33cfd72472a12bb13901812ca34e47f081507/botocore-1.42.21.tar.gz", hash = "sha256:db8f99d186156da42feb4fd2098017383d9b155097290cc53da7258f6e652c39", size = 14877471, upload-time = "2026-01-03T00:58:51.84Z" }
wheels = [
    { url = "https://files.pythonhosted.org/packages/6e/a1/78c50c437fdf17369adeae275445f40f51029888911923ace37523db4c02/botocore-1.42.21-py3-none-any.whl", hash = "sha256:6b59973a3ba8c3cfd5123f2656fef2339beee9f6483b8bc12bb00c5453ea2c6d", size = 14550712, upload-time = "2026-01-03T00:58:48.653Z" },
]

[package.optional-dependencies]
crt = [
    { name = "awscrt" },
]

[[package]]
name = "jmespath"
version = "1.0.1"
source = { registry = "https://pypi.org/simple" }
sdist = { url = "https://files.pythonhosted.org/packages/00/2a/e867e8531cf3e36b41201936b7fa7ba7b5702dbef42922193f05c8976cd6/jmespath-1.0.1.tar.gz", hash = "sha256:90261b206d6defd58fdd5e85f478bf633a2901798906be2ad389150c5c60edbe", size = 25843, upload-time = "2022-06-17T18:00:12.224Z" }
wheels = [
    { url = "https://files.pythonhosted.org/packages/31/b4/b9b800c45527aadd64d5b442f9b932b00648617eb5d63d2c7a6587b7cafc/jmespath-1.0.1-py3-none-any.whl", hash = "sha256:02e2e4cc71b5bcab88332eebf907519190dd9e6e82107fa7f83b1003a6252980", size = 20256, upload-time = "2022-06-17T18:00:10.251Z" },
]

[[package]]
name = "python-dateutil"
version = "2.9.0.post0"
source = { registry = "https://pypi.org/simple" }
dependencies = [
    { name = "six" },
]
sdist = { url = "https://files.pythonhosted.org/packages/66/c0/0c8b6ad9f17a802ee498c46e004a0eb49bc148f2fd230864601a86dcf6db/python-dateutil-2.9.0.post0.tar.gz", hash = "sha256:37dd54208da7e1cd875388217d5e00ebd4179249f90fb72437e91a35459a0ad3", size = 342432, upload-time = "2024-03-01T18:36:20.211Z" }
wheels = [
    { url = "https://files.pythonhosted.org/packages/ec/57/56b9bcc3c9c6a792fcbaf139543cee77261f3651ca9da0c93f5c1221264b/python_dateutil-2.9.0.post0-py2.py3-none-any.whl", hash = "sha256:a8b2bc7bffae282281c8140a97d3aa9c14da0b136dfe83f850eea9a5f7470427", size = 229892, upload-time = "2024-03-01T18:36:18.57Z" },
]

[[package]]
name = "s3bench-python"
version = "0.1.0"
source = { virtual = "." }
dependencies = [
    { name = "boto3", extra = ["crt"] },
]

[package.metadata]
requires-dist = [{ name = "boto3", extras = ["crt"], specifier = "==1.42.21" }]

[[package]]
name = "s3transfer"
version = "0.16.0"
source = { registry = "https://pypi.org/simple" }
dependencies = [
    { name = "botocore" },
]
sdist = { url = "https://files.pythonhosted.org/packages/05/04/74127fc843314818edfa81b5540e26dd537353b123a4edc563109d8f17dd/s3transfer-0.16.0.tar.gz", hash = "sha256:8e990f13268025792229cd52fa10cb7163744bf56e719e0b9cb925ab79abf920", size = 153827, upload-time = "2025-12-01T02:30:59.114Z" }
wheels = [
    { url = "https://files.pythonhosted.org/packages/fc/51/727abb13f44c1fcf6d145979e1535a35794db0f6e450a0cb46aa24732fe2/s3transfer-0.16.0-py3-none-any.whl", hash = "sha256:18e25d66fed509e3868dc1572b3f427ff947dd2c56f844a5bf09481ad3f3b2fe", size = 86830, upload-time = "2025-12-01T02:30:57.729Z" },
]

[[package]]
name = "six"
version = "1.17.0"
source = { registry = "https://pypi.org/simple" }
sdist = { url = "https://files.pythonhosted.org/packages/94/e7/b2c673351809dca68a0e064b6af791aa332cf192da575fd474ed7d6f16a2/six-1.17.0.tar.gz", hash = "sha256:ff70335d468e7eb6ec65b95b99d3a2836546063f63acc5171de367e834932a81", size = 34031, upload-time = "2024-12-04T17:35:28.174Z" }
wheels = [
    { url = "https://files.pythonhosted.org/packages/b7/ce/149a00dd41f10bc29e5921b496af8b574d8413afcd5e30dfa0ed46c2cc5e/six-1.17.0-py2.py3-none-any.whl", hash = "sha256:4721f391ed90541fddacab5acf947aa0d3dc7d27b2e1e8eda2be8970586c3274", size = 11050, upload-time = "2024-12-04T17:35:26.475Z" },
]

[[package]]
name = "urllib3"
version = "2.6.2"
source = { registry = "https://pypi.org/simple" }
sdist = { url = "https://files.pythonhosted.org/packages/1e/24/a2a2ed9addd907787d7aa0355ba36a6cadf1768b934c652ea78acbd59dcd/urllib3-2.6.2.tar.gz", hash = "sha256:016f9c98bb7e98085cb2b4b17b87d2c702975664e4f060c6532e64d1c1a5e797", size = 432930, upload-time = "2025-12-11T15:56:40.252Z" }
wheels = [
    { url = "https://files.pythonhosted.org/packages/6d/b9/4095b668ea3678bf6a0af005527f39de12fb026516fb3df17495a733b7f8/urllib3-2.6.2-py3-none-any.whl", hash = "sha256:ec21cddfe7724fc7cb4ba4bea7aa8e2ef36f607a4bab81aa6ce42a13dc3f03dd", size = 131182, upload-time = "2025-12-11T15:56:38.584Z" },
]
